
Microsoft Visual Studio Solution File, Format Version 12.00
# Visual Studio Version 17
VisualStudioVersion = 17.5.33530.505
MinimumVisualStudioVersion = 10.0.40219.1
Project("{FAE04EC0-301F-11D3-BF4B-00C04F79EFBC}") = "PasswordValidatorDecoratorLibrary", "PasswordValidatorDecoratorLibrary\PasswordValidatorDecoratorLibrary.csproj", "{F4778F2D-3DF7-4978-BEF5-91D662D97A16}"
EndProject
Project("{FAE04EC0-301F-11D3-BF4B-00C04F79EFBC}") = "ConsoleAppCheckPassword", "ConsoleAppCheckPassword\ConsoleAppCheckPassword.csproj", "{71420195-5E94-4751-A0F9-5B36D6057C61}"
EndProject
Global
	GlobalSection(SolutionConfigurationPlatforms) = preSolution
		Debug|Any CPU = Debug|Any CPU
		Release|Any CPU = Release|Any CPU
	EndGlobalSection
	GlobalSection(ProjectConfigurationPlatforms) = postSolution
		{F4778F2D-3DF7-4978-BEF5-91D662D97A16}.Debug|Any CPU.ActiveCfg = Debug|Any CPU
		{F4778F2D-3DF7-4978-BEF5-91D662D97A16}.Debug|Any CPU.Build.0 = Debug|Any CPU
		{F4778F2D-3DF7-4978-BEF5-91D662D97A16}.Release|Any CPU.ActiveCfg = Release|Any CPU
		{F4778F2D-3DF7-4978-BEF5-91D662D97A16}.Release|Any CPU.Build.0 = Release|Any CPU
		{71420195-5E94-4751-A0F9-5B36D6057C61}.Debug|Any CPU.ActiveCfg = Debug|Any CPU
		{71420195-5E94-4751-A0F9-5B36D6057C61}.Debug|Any CPU.Build.0 = Debug|Any CPU
		{71420195-5E94-4751-A0F9-5B36D6057C61}.Release|Any CPU.ActiveCfg = Release|Any CPU
		{71420195-5E94-4751-A0F9-5B36D6057C61}.Release|Any CPU.Build.0 = Release|Any CPU
	EndGlobalSection
	GlobalSection(SolutionProperties) = preSolution
		HideSolutionNode = FALSE
	EndGlobalSection
	GlobalSection(ExtensibilityGlobals) = postSolution
		SolutionGuid = {9CC81606-FB72-463B-9FE9-05060FF680CE}
	EndGlobalSection
EndGlobal
